# THIS IS AN AUTOGENERATED FILE. DO NOT EDIT THIS FILE DIRECTLY.
# yarn lockfile v1


expo-asset-utils@^1.2.0:
  version "1.2.0"
  resolved "https://registry.yarnpkg.com/expo-asset-utils/-/expo-asset-utils-1.2.0.tgz#df52f8e8c836c343ad713a0044db79be69cfe64b"
  integrity sha512-06zVi5aXzyMq7SFiawxu2FUbpbVlxnE9W44cG4K5HyhLaqyRqss+o5MZMEGn8Ibd+008UiK7yCPy/bSpx2hVag==
